<?xml version="1.0" encoding="UTF-8" standalone="yes" ?>
<CodeBlocks_project_file>
	<FileVersion major="1" minor="6" />
	<Project>
		<Option title="genlib" />
		<Option pch_mode="2" />
		<Option compiler="gcc" />
		<Build>
			<Target title="Win32 Release">
				<Option output="/Users/alasdair/Applications/depthmap/src/genlib/Release/libgenlib" prefix_auto="1" extension_auto="1" />
				<Option working_dir="" />
				<Option object_output="Release" />
				<Option type="2" />
				<Option compiler="gcc" />
				<Option createDefFile="1" />
				<Compiler>
					<Add option="-W" />
					<Add option="-fexceptions" />
					<Add option="-O2" />
					<Add option="-DWIN32" />
					<Add option="-DNDEBUG" />
					<Add option="-D_MBCS" />
					<Add option="-D_LIB" />
					<Add option="-DMT" />
				</Compiler>
			</Target>
			<Target title="Win32 Debug">
				<Option output="/Users/alasdair/Applications/depthmap/src/genlib/Debug/libgenlib" prefix_auto="1" extension_auto="1" />
				<Option working_dir="" />
				<Option object_output="Debug" />
				<Option type="2" />
				<Option compiler="gcc" />
				<Option createDefFile="1" />
				<Compiler>
					<Add option="-W" />
					<Add option="-fexceptions" />
					<Add option="-g" />
					<Add option="-DWIN32" />
					<Add option="-D_DEBUG" />
					<Add option="-D_MBCS" />
					<Add option="-D_LIB" />
				</Compiler>
			</Target>
		</Build>
		<Unit filename="dxfp.cpp" />
		<Unit filename="p2dpoly.cpp" />
		<Unit filename="pafmath.cpp" />
		<Unit filename="../include/generic/comm.h" />
		<Unit filename="../include/generic/dxfp.h" />
		<Unit filename="../include/generic/p2dpoly.h" />
		<Unit filename="../include/generic/pafmath.h" />
		<Unit filename="../include/generic/paftl.h" />
		<Extensions>
			<code_completion />
			<envvars />
			<debugger />
			<lib_finder disable_auto="1" />
		</Extensions>
	</Project>
</CodeBlocks_project_file>
